
Microsoft Visual Studio Solution File, Format Version 12.00
# Visual Studio 15
VisualStudioVersion = 15.0.26730.16
MinimumVisualStudioVersion = 10.0.40219.1
Project("{FAE04EC0-301F-11D3-BF4B-00C04F79EFBC}") = "Test_Suite", "Test_Suite\Test_Suite.csproj", "{9824FE70-C3BA-415A-BD14-19CD62234C16}"
EndProject
Project("{54435603-DBB4-11D2-8724-00A0C9A8B90C}") = "MDBSetup", "MDBSetup\MDBSetup.vdproj", "{0AB6FED7-7FDA-4336-B0C4-F34767BB96BE}"
EndProject
Global
	GlobalSection(SolutionConfigurationPlatforms) = preSolution
		Debug|Any CPU = Debug|Any CPU
		Release|Any CPU = Release|Any CPU
	EndGlobalSection
	GlobalSection(ProjectConfigurationPlatforms) = postSolution
		{9824FE70-C3BA-415A-BD14-19CD62234C16}.Debug|Any CPU.ActiveCfg = Debug|Any CPU
		{9824FE70-C3BA-415A-BD14-19CD62234C16}.Debug|Any CPU.Build.0 = Debug|Any CPU
		{9824FE70-C3BA-415A-BD14-19CD62234C16}.Release|Any CPU.ActiveCfg = Release|Any CPU
		{9824FE70-C3BA-415A-BD14-19CD62234C16}.Release|Any CPU.Build.0 = Release|Any CPU
		{0AB6FED7-7FDA-4336-B0C4-F34767BB96BE}.Debug|Any CPU.ActiveCfg = Debug
		{0AB6FED7-7FDA-4336-B0C4-F34767BB96BE}.Release|Any CPU.ActiveCfg = Release
	EndGlobalSection
	GlobalSection(SolutionProperties) = preSolution
		HideSolutionNode = FALSE
	EndGlobalSection
	GlobalSection(ExtensibilityGlobals) = postSolution
		SolutionGuid = {09B49FD9-682D-42EC-AB51-3646F98CF92B}
	EndGlobalSection
EndGlobal
